
Microsoft Visual Studio Solution File, Format Version 12.00
# Visual Studio Version 16
VisualStudioVersion = 16.0.31321.278
MinimumVisualStudioVersion = 10.0.40219.1
Project("{FAE04EC0-301F-11D3-BF4B-00C04F79EFBC}") = "csharp-demo-client-server.Server", "csharp-demo-client-server\Server\csharp-demo-client-server.Server.csproj", "{7C3AAA6D-E7A4-4710-9917-3A057033AFB6}"
EndProject
Project("{FAE04EC0-301F-11D3-BF4B-00C04F79EFBC}") = "csharp-demo-client-server.Client", "csharp-demo-client-server\Client\csharp-demo-client-server.Client.csproj", "{20AEB21D-3ADF-4FDD-B6B1-BBED0BC4AC1C}"
EndProject
Project("{FAE04EC0-301F-11D3-BF4B-00C04F79EFBC}") = "csharp-demo-client-server.Shared", "csharp-demo-client-server\Shared\csharp-demo-client-server.Shared.csproj", "{D692B685-C563-4EF0-9103-845FB522C922}"
EndProject
Global
	GlobalSection(SolutionConfigurationPlatforms) = preSolution
		Debug|Any CPU = Debug|Any CPU
		Release|Any CPU = Release|Any CPU
	EndGlobalSection
	GlobalSection(ProjectConfigurationPlatforms) = postSolution
		{7C3AAA6D-E7A4-4710-9917-3A057033AFB6}.Debug|Any CPU.ActiveCfg = Debug|Any CPU
		{7C3AAA6D-E7A4-4710-9917-3A057033AFB6}.Debug|Any CPU.Build.0 = Debug|Any CPU
		{7C3AAA6D-E7A4-4710-9917-3A057033AFB6}.Release|Any CPU.ActiveCfg = Release|Any CPU
		{7C3AAA6D-E7A4-4710-9917-3A057033AFB6}.Release|Any CPU.Build.0 = Release|Any CPU
		{20AEB21D-3ADF-4FDD-B6B1-BBED0BC4AC1C}.Debug|Any CPU.ActiveCfg = Debug|Any CPU
		{20AEB21D-3ADF-4FDD-B6B1-BBED0BC4AC1C}.Debug|Any CPU.Build.0 = Debug|Any CPU
		{20AEB21D-3ADF-4FDD-B6B1-BBED0BC4AC1C}.Release|Any CPU.ActiveCfg = Release|Any CPU
		{20AEB21D-3ADF-4FDD-B6B1-BBED0BC4AC1C}.Release|Any CPU.Build.0 = Release|Any CPU
		{D692B685-C563-4EF0-9103-845FB522C922}.Debug|Any CPU.ActiveCfg = Debug|Any CPU
		{D692B685-C563-4EF0-9103-845FB522C922}.Debug|Any CPU.Build.0 = Debug|Any CPU
		{D692B685-C563-4EF0-9103-845FB522C922}.Release|Any CPU.ActiveCfg = Release|Any CPU
		{D692B685-C563-4EF0-9103-845FB522C922}.Release|Any CPU.Build.0 = Release|Any CPU
	EndGlobalSection
	GlobalSection(SolutionProperties) = preSolution
		HideSolutionNode = FALSE
	EndGlobalSection
	GlobalSection(ExtensibilityGlobals) = postSolution
		SolutionGuid = {04175027-64C9-4CD5-8C3B-15356EDA8CD5}
	EndGlobalSection
EndGlobal
