
Microsoft Visual Studio Solution File, Format Version 12.00
# Visual Studio 2012
Project("{FAE04EC0-301F-11D3-BF4B-00C04F79EFBC}") = "hotdog", "hotdog\hotdog.csproj", "{5B71DC4C-004B-44A6-A0A6-D8ECD48A258B}"
EndProject
Project("{FAE04EC0-301F-11D3-BF4B-00C04F79EFBC}") = "hotdog.iOS", "iOS\hotdog.iOS.csproj", "{8530B6AF-95A4-4552-8E37-CC0F8F1FDB16}"
EndProject
Project("{FAE04EC0-301F-11D3-BF4B-00C04F79EFBC}") = "hotdog.Droid", "Droid\hotdog.Droid.csproj", "{59C8309B-BE40-4E74-BA87-F8B322CF4BD7}"
EndProject
Global
	GlobalSection(SolutionConfigurationPlatforms) = preSolution
		Debug|Any CPU = Debug|Any CPU
		Release|Any CPU = Release|Any CPU
		Debug|iPhoneSimulator = Debug|iPhoneSimulator
		Release|iPhone = Release|iPhone
		Release|iPhoneSimulator = Release|iPhoneSimulator
		Debug|iPhone = Debug|iPhone
	EndGlobalSection
	GlobalSection(ProjectConfigurationPlatforms) = postSolution
		{5B71DC4C-004B-44A6-A0A6-D8ECD48A258B}.Debug|Any CPU.ActiveCfg = Debug|Any CPU
		{5B71DC4C-004B-44A6-A0A6-D8ECD48A258B}.Debug|Any CPU.Build.0 = Debug|Any CPU
		{5B71DC4C-004B-44A6-A0A6-D8ECD48A258B}.Release|Any CPU.ActiveCfg = Release|Any CPU
		{5B71DC4C-004B-44A6-A0A6-D8ECD48A258B}.Release|Any CPU.Build.0 = Release|Any CPU
		{5B71DC4C-004B-44A6-A0A6-D8ECD48A258B}.Debug|iPhoneSimulator.ActiveCfg = Debug|Any CPU
		{5B71DC4C-004B-44A6-A0A6-D8ECD48A258B}.Debug|iPhoneSimulator.Build.0 = Debug|Any CPU
		{5B71DC4C-004B-44A6-A0A6-D8ECD48A258B}.Release|iPhone.ActiveCfg = Release|Any CPU
		{5B71DC4C-004B-44A6-A0A6-D8ECD48A258B}.Release|iPhone.Build.0 = Release|Any CPU
		{5B71DC4C-004B-44A6-A0A6-D8ECD48A258B}.Release|iPhoneSimulator.ActiveCfg = Release|Any CPU
		{5B71DC4C-004B-44A6-A0A6-D8ECD48A258B}.Release|iPhoneSimulator.Build.0 = Release|Any CPU
		{5B71DC4C-004B-44A6-A0A6-D8ECD48A258B}.Debug|iPhone.ActiveCfg = Debug|Any CPU
		{5B71DC4C-004B-44A6-A0A6-D8ECD48A258B}.Debug|iPhone.Build.0 = Debug|Any CPU
		{8530B6AF-95A4-4552-8E37-CC0F8F1FDB16}.Debug|Any CPU.ActiveCfg = Debug|iPhoneSimulator
		{8530B6AF-95A4-4552-8E37-CC0F8F1FDB16}.Debug|Any CPU.Build.0 = Debug|iPhoneSimulator
		{8530B6AF-95A4-4552-8E37-CC0F8F1FDB16}.Release|Any CPU.ActiveCfg = Release|iPhone
		{8530B6AF-95A4-4552-8E37-CC0F8F1FDB16}.Release|Any CPU.Build.0 = Release|iPhone
		{8530B6AF-95A4-4552-8E37-CC0F8F1FDB16}.Debug|iPhoneSimulator.ActiveCfg = Debug|iPhoneSimulator
		{8530B6AF-95A4-4552-8E37-CC0F8F1FDB16}.Debug|iPhoneSimulator.Build.0 = Debug|iPhoneSimulator
		{8530B6AF-95A4-4552-8E37-CC0F8F1FDB16}.Release|iPhone.ActiveCfg = Release|iPhone
		{8530B6AF-95A4-4552-8E37-CC0F8F1FDB16}.Release|iPhone.Build.0 = Release|iPhone
		{8530B6AF-95A4-4552-8E37-CC0F8F1FDB16}.Release|iPhoneSimulator.ActiveCfg = Release|iPhoneSimulator
		{8530B6AF-95A4-4552-8E37-CC0F8F1FDB16}.Release|iPhoneSimulator.Build.0 = Release|iPhoneSimulator
		{8530B6AF-95A4-4552-8E37-CC0F8F1FDB16}.Debug|iPhone.ActiveCfg = Debug|iPhone
		{8530B6AF-95A4-4552-8E37-CC0F8F1FDB16}.Debug|iPhone.Build.0 = Debug|iPhone
		{59C8309B-BE40-4E74-BA87-F8B322CF4BD7}.Debug|Any CPU.ActiveCfg = Debug|Any CPU
		{59C8309B-BE40-4E74-BA87-F8B322CF4BD7}.Debug|Any CPU.Build.0 = Debug|Any CPU
		{59C8309B-BE40-4E74-BA87-F8B322CF4BD7}.Release|Any CPU.ActiveCfg = Release|Any CPU
		{59C8309B-BE40-4E74-BA87-F8B322CF4BD7}.Release|Any CPU.Build.0 = Release|Any CPU
		{59C8309B-BE40-4E74-BA87-F8B322CF4BD7}.Debug|iPhoneSimulator.ActiveCfg = Debug|Any CPU
		{59C8309B-BE40-4E74-BA87-F8B322CF4BD7}.Debug|iPhoneSimulator.Build.0 = Debug|Any CPU
		{59C8309B-BE40-4E74-BA87-F8B322CF4BD7}.Release|iPhone.ActiveCfg = Release|Any CPU
		{59C8309B-BE40-4E74-BA87-F8B322CF4BD7}.Release|iPhone.Build.0 = Release|Any CPU
		{59C8309B-BE40-4E74-BA87-F8B322CF4BD7}.Release|iPhoneSimulator.ActiveCfg = Release|Any CPU
		{59C8309B-BE40-4E74-BA87-F8B322CF4BD7}.Release|iPhoneSimulator.Build.0 = Release|Any CPU
		{59C8309B-BE40-4E74-BA87-F8B322CF4BD7}.Debug|iPhone.ActiveCfg = Debug|Any CPU
		{59C8309B-BE40-4E74-BA87-F8B322CF4BD7}.Debug|iPhone.Build.0 = Debug|Any CPU
	EndGlobalSection
EndGlobal
